// !$*UTF8*$!
{
	archiveVersion = 1;
	classes = {
	};
	objectVersion = 46;
	objects = {

/* Begin PBXBuildFile section */
		44814BD5195B2735006BA9FD /* Foundation.framework in Frameworks */ = {isa = PBXBuildFile; fileRef = 44814BD4195B2735006BA9FD /* Foundation.framework */; };
		44814BD7195B2735006BA9FD /* CoreGraphics.framework in Frameworks */ = {isa = PBXBuildFile; fileRef = 44814BD6195B2735006BA9FD /* CoreGraphics.framework */; };
		44814BD9195B2735006BA9FD /* UIKit.framework in Frameworks */ = {isa = PBXBuildFile; fileRef = 44814BD8195B2735006BA9FD /* UIKit.framework */; };
		44814BDF195B2735006BA9FD /* InfoPlist.strings in Resources */ = {isa = PBXBuildFile; fileRef = 44814BDD195B2735006BA9FD /* InfoPlist.strings */; };
		44814BE1195B2735006BA9FD /* main.m in Sources */ = {isa = PBXBuildFile; fileRef = 44814BE0195B2735006BA9FD /* main.m */; };
		44814BE5195B2735006BA9FD /* AppDelegate.m in Sources */ = {isa = PBXBuildFile; fileRef = 44814BE4195B2735006BA9FD /* AppDelegate.m */; };
		44814BEB195B2736006BA9FD /* ViewController.m in Sources */ = {isa = PBXBuildFile; fileRef = 44814BEA195B2736006BA9FD /* ViewController.m */; };
		44814BED195B2736006BA9FD /* Images.xcassets in Resources */ = {isa = PBXBuildFile; fileRef = 44814BEC195B2736006BA9FD /* Images.xcassets */; };
		44814BF4195B2736006BA9FD /* XCTest.framework in Frameworks */ = {isa = PBXBuildFile; fileRef = 44814BF3195B2736006BA9FD /* XCTest.framework */; };
		44814BF5195B2736006BA9FD /* Foundation.framework in Frameworks */ = {isa = PBXBuildFile; fileRef = 44814BD4195B2735006BA9FD /* Foundation.framework */; };
		44814BF6195B2736006BA9FD /* UIKit.framework in Frameworks */ = {isa = PBXBuildFile; fileRef = 44814BD8195B2735006BA9FD /* UIKit.framework */; };
		44814BFE195B2737006BA9FD /* InfoPlist.strings in Resources */ = {isa = PBXBuildFile; fileRef = 44814BFC195B2737006BA9FD /* InfoPlist.strings */; };
		44814C00195B2737006BA9FD /* Doctor_ToolTests.m in Sources */ = {isa = PBXBuildFile; fileRef = 44814BFF195B2737006BA9FD /* Doctor_ToolTests.m */; };
		44814C18195B2C74006BA9FD /* User.m in Sources */ = {isa = PBXBuildFile; fileRef = 44814C17195B2C74006BA9FD /* User.m */; };
		44814C1B195B2C98006BA9FD /* Consultation.m in Sources */ = {isa = PBXBuildFile; fileRef = 44814C1A195B2C98006BA9FD /* Consultation.m */; };
		44814C1E195B2CAC006BA9FD /* Medicament.m in Sources */ = {isa = PBXBuildFile; fileRef = 44814C1D195B2CAC006BA9FD /* Medicament.m */; };
		44814C22195B466E006BA9FD /* UserModel.m in Sources */ = {isa = PBXBuildFile; fileRef = 44814C21195B466E006BA9FD /* UserModel.m */; };
		44814C24195B474D006BA9FD /* Parse.framework in Frameworks */ = {isa = PBXBuildFile; fileRef = 44814C23195B474D006BA9FD /* Parse.framework */; };
		44814C26195B4B13006BA9FD /* AudioToolbox.framework in Frameworks */ = {isa = PBXBuildFile; fileRef = 44814C25195B4B13006BA9FD /* AudioToolbox.framework */; };
		44814C28195B4B1C006BA9FD /* CFNetwork.framework in Frameworks */ = {isa = PBXBuildFile; fileRef = 44814C27195B4B1C006BA9FD /* CFNetwork.framework */; };
		44814C2A195B4B2A006BA9FD /* CoreLocation.framework in Frameworks */ = {isa = PBXBuildFile; fileRef = 44814C29195B4B2A006BA9FD /* CoreLocation.framework */; };
		44814C2C195B4B32006BA9FD /* libz.dylib in Frameworks */ = {isa = PBXBuildFile; fileRef = 44814C2B195B4B32006BA9FD /* libz.dylib */; };
		44814C2E195B4B38006BA9FD /* MobileCoreServices.framework in Frameworks */ = {isa = PBXBuildFile; fileRef = 44814C2D195B4B38006BA9FD /* MobileCoreServices.framework */; };
		44814C30195B4B40006BA9FD /* QuartzCore.framework in Frameworks */ = {isa = PBXBuildFile; fileRef = 44814C2F195B4B40006BA9FD /* QuartzCore.framework */; };
		44814C32195B4B4A006BA9FD /* Security.framework in Frameworks */ = {isa = PBXBuildFile; fileRef = 44814C31195B4B4A006BA9FD /* Security.framework */; };
		44814C34195B4B51006BA9FD /* StoreKit.framework in Frameworks */ = {isa = PBXBuildFile; fileRef = 44814C33195B4B51006BA9FD /* StoreKit.framework */; };
		44814C36195B4B57006BA9FD /* SystemConfiguration.framework in Frameworks */ = {isa = PBXBuildFile; fileRef = 44814C35195B4B57006BA9FD /* SystemConfiguration.framework */; };
		44814C3B195B4D73006BA9FD /* NSString+MD5.m in Sources */ = {isa = PBXBuildFile; fileRef = 44814C3A195B4D73006BA9FD /* NSString+MD5.m */; };
		44814C3F195B4FAC006BA9FD /* SignUpVC.m in Sources */ = {isa = PBXBuildFile; fileRef = 44814C3D195B4FAC006BA9FD /* SignUpVC.m */; };
		44814C40195B4FAC006BA9FD /* SignUpVC.xib in Resources */ = {isa = PBXBuildFile; fileRef = 44814C3E195B4FAC006BA9FD /* SignUpVC.xib */; };
		44814C45195B65FE006BA9FD /* Localizable.strings in Resources */ = {isa = PBXBuildFile; fileRef = 44814C47195B65FE006BA9FD /* Localizable.strings */; };
		44814C4B195B66C0006BA9FD /* Constants.m in Sources */ = {isa = PBXBuildFile; fileRef = 44814C4A195B66C0006BA9FD /* Constants.m */; };
		44814C4E195B6A95006BA9FD /* UIImage+Resize.m in Sources */ = {isa = PBXBuildFile; fileRef = 44814C4D195B6A95006BA9FD /* UIImage+Resize.m */; };
/* End PBXBuildFile section */

/* Begin PBXContainerItemProxy section */
		44814BF7195B2736006BA9FD /* PBXContainerItemProxy */ = {
			isa = PBXContainerItemProxy;
			containerPortal = 44814BC9195B2735006BA9FD /* Project object */;
			proxyType = 1;
			remoteGlobalIDString = 44814BD0195B2735006BA9FD;
			remoteInfo = "Doctor Tool";
		};
/* End PBXContainerItemProxy section */

/* Begin PBXFileReference section */
		44814BD1195B2735006BA9FD /* Doctor Tool.app */ = {isa = PBXFileReference; explicitFileType = wrapper.application; includeInIndex = 0; path = "Doctor Tool.app"; sourceTree = BUILT_PRODUCTS_DIR; };
		44814BD4195B2735006BA9FD /* Foundation.framework */ = {isa = PBXFileReference; lastKnownFileType = wrapper.framework; name = Foundation.framework; path = System/Library/Frameworks/Foundation.framework; sourceTree = SDKROOT; };
		44814BD6195B2735006BA9FD /* CoreGraphics.framework */ = {isa = PBXFileReference; lastKnownFileType = wrapper.framework; name = CoreGraphics.framework; path = System/Library/Frameworks/CoreGraphics.framework; sourceTree = SDKROOT; };
		44814BD8195B2735006BA9FD /* UIKit.framework */ = {isa = PBXFileReference; lastKnownFileType = wrapper.framework; name = UIKit.framework; path = System/Library/Frameworks/UIKit.framework; sourceTree = SDKROOT; };
		44814BDC195B2735006BA9FD /* Doctor Tool-Info.plist */ = {isa = PBXFileReference; lastKnownFileType = text.plist.xml; path = "Doctor Tool-Info.plist"; sourceTree = "<group>"; };
		44814BDE195B2735006BA9FD /* en */ = {isa = PBXFileReference; lastKnownFileType = text.plist.strings; name = en; path = en.lproj/InfoPlist.strings; sourceTree = "<group>"; };
		44814BE0195B2735006BA9FD /* main.m */ = {isa = PBXFileReference; lastKnownFileType = sourcecode.c.objc; path = main.m; sourceTree = "<group>"; };
		44814BE2195B2735006BA9FD /* Doctor Tool-Prefix.pch */ = {isa = PBXFileReference; lastKnownFileType = sourcecode.c.h; path = "Doctor Tool-Prefix.pch"; sourceTree = "<group>"; };
		44814BE3195B2735006BA9FD /* AppDelegate.h */ = {isa = PBXFileReference; lastKnownFileType = sourcecode.c.h; path = AppDelegate.h; sourceTree = "<group>"; };
		44814BE4195B2735006BA9FD /* AppDelegate.m */ = {isa = PBXFileReference; lastKnownFileType = sourcecode.c.objc; path = AppDelegate.m; sourceTree = "<group>"; };
		44814BE9195B2736006BA9FD /* ViewController.h */ = {isa = PBXFileReference; lastKnownFileType = sourcecode.c.h; path = ViewController.h; sourceTree = "<group>"; };
		44814BEA195B2736006BA9FD /* ViewController.m */ = {isa = PBXFileReference; lastKnownFileType = sourcecode.c.objc; path = ViewController.m; sourceTree = "<group>"; };
		44814BEC195B2736006BA9FD /* Images.xcassets */ = {isa = PBXFileReference; lastKnownFileType = folder.assetcatalog; path = Images.xcassets; sourceTree = "<group>"; };
		44814BF2195B2736006BA9FD /* Doctor ToolTests.xctest */ = {isa = PBXFileReference; explicitFileType = wrapper.cfbundle; includeInIndex = 0; path = "Doctor ToolTests.xctest"; sourceTree = BUILT_PRODUCTS_DIR; };
		44814BF3195B2736006BA9FD /* XCTest.framework */ = {isa = PBXFileReference; lastKnownFileType = wrapper.framework; name = XCTest.framework; path = Library/Frameworks/XCTest.framework; sourceTree = DEVELOPER_DIR; };
		44814BFB195B2736006BA9FD /* Doctor ToolTests-Info.plist */ = {isa = PBXFileReference; lastKnownFileType = text.plist.xml; path = "Doctor ToolTests-Info.plist"; sourceTree = "<group>"; };
		44814BFD195B2737006BA9FD /* en */ = {isa = PBXFileReference; lastKnownFileType = text.plist.strings; name = en; path = en.lproj/InfoPlist.strings; sourceTree = "<group>"; };
		44814BFF195B2737006BA9FD /* Doctor_ToolTests.m */ = {isa = PBXFileReference; lastKnownFileType = sourcecode.c.objc; path = Doctor_ToolTests.m; sourceTree = "<group>"; };
		44814C16195B2C74006BA9FD /* User.h */ = {isa = PBXFileReference; fileEncoding = 4; lastKnownFileType = sourcecode.c.h; path = User.h; sourceTree = "<group>"; };
		44814C17195B2C74006BA9FD /* User.m */ = {isa = PBXFileReference; fileEncoding = 4; lastKnownFileType = sourcecode.c.objc; path = User.m; sourceTree = "<group>"; };
		44814C19195B2C98006BA9FD /* Consultation.h */ = {isa = PBXFileReference; fileEncoding = 4; lastKnownFileType = sourcecode.c.h; path = Consultation.h; sourceTree = "<group>"; };
		44814C1A195B2C98006BA9FD /* Consultation.m */ = {isa = PBXFileReference; fileEncoding = 4; lastKnownFileType = sourcecode.c.objc; path = Consultation.m; sourceTree = "<group>"; };
		44814C1C195B2CAC006BA9FD /* Medicament.h */ = {isa = PBXFileReference; fileEncoding = 4; lastKnownFileType = sourcecode.c.h; path = Medicament.h; sourceTree = "<group>"; };
		44814C1D195B2CAC006BA9FD /* Medicament.m */ = {isa = PBXFileReference; fileEncoding = 4; lastKnownFileType = sourcecode.c.objc; path = Medicament.m; sourceTree = "<group>"; };
		44814C20195B466E006BA9FD /* UserModel.h */ = {isa = PBXFileReference; fileEncoding = 4; lastKnownFileType = sourcecode.c.h; path = UserModel.h; sourceTree = "<group>"; };
		44814C21195B466E006BA9FD /* UserModel.m */ = {isa = PBXFileReference; fileEncoding = 4; lastKnownFileType = sourcecode.c.objc; path = UserModel.m; sourceTree = "<group>"; };
		44814C23195B474D006BA9FD /* Parse.framework */ = {isa = PBXFileReference; lastKnownFileType = wrapper.framework; path = Parse.framework; sourceTree = "<group>"; };
		44814C25195B4B13006BA9FD /* AudioToolbox.framework */ = {isa = PBXFileReference; lastKnownFileType = wrapper.framework; name = AudioToolbox.framework; path = System/Library/Frameworks/AudioToolbox.framework; sourceTree = SDKROOT; };
		44814C27195B4B1C006BA9FD /* CFNetwork.framework */ = {isa = PBXFileReference; lastKnownFileType = wrapper.framework; name = CFNetwork.framework; path = System/Library/Frameworks/CFNetwork.framework; sourceTree = SDKROOT; };
		44814C29195B4B2A006BA9FD /* CoreLocation.framework */ = {isa = PBXFileReference; lastKnownFileType = wrapper.framework; name = CoreLocation.framework; path = System/Library/Frameworks/CoreLocation.framework; sourceTree = SDKROOT; };
		44814C2B195B4B32006BA9FD /* libz.dylib */ = {isa = PBXFileReference; lastKnownFileType = "compiled.mach-o.dylib"; name = libz.dylib; path = usr/lib/libz.dylib; sourceTree = SDKROOT; };
		44814C2D195B4B38006BA9FD /* MobileCoreServices.framework */ = {isa = PBXFileReference; lastKnownFileType = wrapper.framework; name = MobileCoreServices.framework; path = System/Library/Frameworks/MobileCoreServices.framework; sourceTree = SDKROOT; };
		44814C2F195B4B40006BA9FD /* QuartzCore.framework */ = {isa = PBXFileReference; lastKnownFileType = wrapper.framework; name = QuartzCore.framework; path = System/Library/Frameworks/QuartzCore.framework; sourceTree = SDKROOT; };
		44814C31195B4B4A006BA9FD /* Security.framework */ = {isa = PBXFileReference; lastKnownFileType = wrapper.framework; name = Security.framework; path = System/Library/Frameworks/Security.framework; sourceTree = SDKROOT; };
		44814C33195B4B51006BA9FD /* StoreKit.framework */ = {isa = PBXFileReference; lastKnownFileType = wrapper.framework; name = StoreKit.framework; path = System/Library/Frameworks/StoreKit.framework; sourceTree = SDKROOT; };
		44814C35195B4B57006BA9FD /* SystemConfiguration.framework */ = {isa = PBXFileReference; lastKnownFileType = wrapper.framework; name = SystemConfiguration.framework; path = System/Library/Frameworks/SystemConfiguration.framework; sourceTree = SDKROOT; };
		44814C39195B4D73006BA9FD /* NSString+MD5.h */ = {isa = PBXFileReference; fileEncoding = 4; lastKnownFileType = sourcecode.c.h; path = "NSString+MD5.h"; sourceTree = "<group>"; };
		44814C3A195B4D73006BA9FD /* NSString+MD5.m */ = {isa = PBXFileReference; fileEncoding = 4; lastKnownFileType = sourcecode.c.objc; path = "NSString+MD5.m"; sourceTree = "<group>"; };
		44814C3C195B4FAC006BA9FD /* SignUpVC.h */ = {isa = PBXFileReference; fileEncoding = 4; lastKnownFileType = sourcecode.c.h; path = SignUpVC.h; sourceTree = "<group>"; };
		44814C3D195B4FAC006BA9FD /* SignUpVC.m */ = {isa = PBXFileReference; fileEncoding = 4; lastKnownFileType = sourcecode.c.objc; path = SignUpVC.m; sourceTree = "<group>"; };
		44814C3E195B4FAC006BA9FD /* SignUpVC.xib */ = {isa = PBXFileReference; fileEncoding = 4; lastKnownFileType = file.xib; path = SignUpVC.xib; sourceTree = "<group>"; };
		44814C43195B65F7006BA9FD /* es */ = {isa = PBXFileReference; lastKnownFileType = text.plist.strings; name = es; path = es.lproj/InfoPlist.strings; sourceTree = "<group>"; };
		44814C44195B65F7006BA9FD /* es */ = {isa = PBXFileReference; lastKnownFileType = text.plist.strings; name = es; path = es.lproj/InfoPlist.strings; sourceTree = "<group>"; };
		44814C46195B65FE006BA9FD /* es */ = {isa = PBXFileReference; lastKnownFileType = text.plist.strings; name = es; path = es.lproj/Localizable.strings; sourceTree = "<group>"; };
		44814C48195B660A006BA9FD /* en */ = {isa = PBXFileReference; lastKnownFileType = text.plist.strings; name = en; path = en.lproj/Localizable.strings; sourceTree = "<group>"; };
		44814C49195B66C0006BA9FD /* Constants.h */ = {isa = PBXFileReference; fileEncoding = 4; lastKnownFileType = sourcecode.c.h; path = Constants.h; sourceTree = "<group>"; };
		44814C4A195B66C0006BA9FD /* Constants.m */ = {isa = PBXFileReference; fileEncoding = 4; lastKnownFileType = sourcecode.c.objc; path = Constants.m; sourceTree = "<group>"; };
		44814C4C195B6A95006BA9FD /* UIImage+Resize.h */ = {isa = PBXFileReference; fileEncoding = 4; lastKnownFileType = sourcecode.c.h; path = "UIImage+Resize.h"; sourceTree = "<group>"; };
		44814C4D195B6A95006BA9FD /* UIImage+Resize.m */ = {isa = PBXFileReference; fileEncoding = 4; lastKnownFileType = sourcecode.c.objc; path = "UIImage+Resize.m"; sourceTree = "<group>"; };
/* End PBXFileReference section */

/* Begin PBXFrameworksBuildPhase section */
		44814BCE195B2735006BA9FD /* Frameworks */ = {
			isa = PBXFrameworksBuildPhase;
			buildActionMask = 2147483647;
			files = (
				44814C36195B4B57006BA9FD /* SystemConfiguration.framework in Frameworks */,
				44814C34195B4B51006BA9FD /* StoreKit.framework in Frameworks */,
				44814C32195B4B4A006BA9FD /* Security.framework in Frameworks */,
				44814C30195B4B40006BA9FD /* QuartzCore.framework in Frameworks */,
				44814C2E195B4B38006BA9FD /* MobileCoreServices.framework in Frameworks */,
				44814C2C195B4B32006BA9FD /* libz.dylib in Frameworks */,
				44814C2A195B4B2A006BA9FD /* CoreLocation.framework in Frameworks */,
				44814BD7195B2735006BA9FD /* CoreGraphics.framework in Frameworks */,
				44814C28195B4B1C006BA9FD /* CFNetwork.framework in Frameworks */,
				44814C26195B4B13006BA9FD /* AudioToolbox.framework in Frameworks */,
				44814BD9195B2735006BA9FD /* UIKit.framework in Frameworks */,
				44814C24195B474D006BA9FD /* Parse.framework in Frameworks */,
				44814BD5195B2735006BA9FD /* Foundation.framework in Frameworks */,
			);
			runOnlyForDeploymentPostprocessing = 0;
		};
		44814BEF195B2736006BA9FD /* Frameworks */ = {
			isa = PBXFrameworksBuildPhase;
			buildActionMask = 2147483647;
			files = (
				44814BF4195B2736006BA9FD /* XCTest.framework in Frameworks */,
				44814BF6195B2736006BA9FD /* UIKit.framework in Frameworks */,
				44814BF5195B2736006BA9FD /* Foundation.framework in Frameworks */,
			);
			runOnlyForDeploymentPostprocessing = 0;
		};
/* End PBXFrameworksBuildPhase section */

/* Begin PBXGroup section */
		44814BC8195B2735006BA9FD = {
			isa = PBXGroup;
			children = (
				44814C4F195B6CAE006BA9FD /* External Libraries */,
				44814BDA195B2735006BA9FD /* Doctor Tool */,
				44814BF9195B2736006BA9FD /* Doctor ToolTests */,
				44814BD3195B2735006BA9FD /* Frameworks */,
				44814BD2195B2735006BA9FD /* Products */,
			);
			sourceTree = "<group>";
		};
		44814BD2195B2735006BA9FD /* Products */ = {
			isa = PBXGroup;
			children = (
				44814BD1195B2735006BA9FD /* Doctor Tool.app */,
				44814BF2195B2736006BA9FD /* Doctor ToolTests.xctest */,
			);
			name = Products;
			sourceTree = "<group>";
		};
		44814BD3195B2735006BA9FD /* Frameworks */ = {
			isa = PBXGroup;
			children = (
				44814C35195B4B57006BA9FD /* SystemConfiguration.framework */,
				44814C33195B4B51006BA9FD /* StoreKit.framework */,
				44814C31195B4B4A006BA9FD /* Security.framework */,
				44814C2F195B4B40006BA9FD /* QuartzCore.framework */,
				44814C2D195B4B38006BA9FD /* MobileCoreServices.framework */,
				44814C2B195B4B32006BA9FD /* libz.dylib */,
				44814C29195B4B2A006BA9FD /* CoreLocation.framework */,
				44814C27195B4B1C006BA9FD /* CFNetwork.framework */,
				44814C25195B4B13006BA9FD /* AudioToolbox.framework */,
				44814C23195B474D006BA9FD /* Parse.framework */,
				44814BD4195B2735006BA9FD /* Foundation.framework */,
				44814BD6195B2735006BA9FD /* CoreGraphics.framework */,
				44814BD8195B2735006BA9FD /* UIKit.framework */,
				44814BF3195B2736006BA9FD /* XCTest.framework */,
			);
			name = Frameworks;
			sourceTree = "<group>";
		};
		44814BDA195B2735006BA9FD /* Doctor Tool */ = {
			isa = PBXGroup;
			children = (
				44814C38195B4D56006BA9FD /* Utilities */,
				44814C1F195B465B006BA9FD /* Models */,
				44814C15195B2C2D006BA9FD /* Entities */,
				44814BE3195B2735006BA9FD /* AppDelegate.h */,
				44814BE4195B2735006BA9FD /* AppDelegate.m */,
				44814BE9195B2736006BA9FD /* ViewController.h */,
				44814BEA195B2736006BA9FD /* ViewController.m */,
				44814BEC195B2736006BA9FD /* Images.xcassets */,
				44814BDB195B2735006BA9FD /* Supporting Files */,
				44814C3C195B4FAC006BA9FD /* SignUpVC.h */,
				44814C3D195B4FAC006BA9FD /* SignUpVC.m */,
				44814C3E195B4FAC006BA9FD /* SignUpVC.xib */,
				44814C47195B65FE006BA9FD /* Localizable.strings */,
			);
			path = "Doctor Tool";
			sourceTree = "<group>";
		};
		44814BDB195B2735006BA9FD /* Supporting Files */ = {
			isa = PBXGroup;
			children = (
				44814BDC195B2735006BA9FD /* Doctor Tool-Info.plist */,
				44814BDD195B2735006BA9FD /* InfoPlist.strings */,
				44814BE0195B2735006BA9FD /* main.m */,
				44814BE2195B2735006BA9FD /* Doctor Tool-Prefix.pch */,
			);
			name = "Supporting Files";
			sourceTree = "<group>";
		};
		44814BF9195B2736006BA9FD /* Doctor ToolTests */ = {
			isa = PBXGroup;
			children = (
				44814BFF195B2737006BA9FD /* Doctor_ToolTests.m */,
				44814BFA195B2736006BA9FD /* Supporting Files */,
			);
			path = "Doctor ToolTests";
			sourceTree = "<group>";
		};
		44814BFA195B2736006BA9FD /* Supporting Files */ = {
			isa = PBXGroup;
			children = (
				44814BFB195B2736006BA9FD /* Doctor ToolTests-Info.plist */,
				44814BFC195B2737006BA9FD /* InfoPlist.strings */,
			);
			name = "Supporting Files";
			sourceTree = "<group>";
		};
		44814C15195B2C2D006BA9FD /* Entities */ = {
			isa = PBXGroup;
			children = (
				44814C16195B2C74006BA9FD /* User.h */,
				44814C17195B2C74006BA9FD /* User.m */,
				44814C19195B2C98006BA9FD /* Consultation.h */,
				44814C1A195B2C98006BA9FD /* Consultation.m */,
				44814C1C195B2CAC006BA9FD /* Medicament.h */,
				44814C1D195B2CAC006BA9FD /* Medicament.m */,
			);
			name = Entities;
			sourceTree = "<group>";
		};
		44814C1F195B465B006BA9FD /* Models */ = {
			isa = PBXGroup;
			children = (
				44814C20195B466E006BA9FD /* UserModel.h */,
				44814C21195B466E006BA9FD /* UserModel.m */,
			);
			name = Models;
			sourceTree = "<group>";
		};
		44814C38195B4D56006BA9FD /* Utilities */ = {
			isa = PBXGroup;
			children = (
				44814C39195B4D73006BA9FD /* NSString+MD5.h */,
				44814C3A195B4D73006BA9FD /* NSString+MD5.m */,
				44814C49195B66C0006BA9FD /* Constants.h */,
				44814C4A195B66C0006BA9FD /* Constants.m */,
				44814C4C195B6A95006BA9FD /* UIImage+Resize.h */,
				44814C4D195B6A95006BA9FD /* UIImage+Resize.m */,
			);
			name = Utilities;
			sourceTree = "<group>";
		};
		44814C4F195B6CAE006BA9FD /* External Libraries */ = {
			isa = PBXGroup;
			children = (
			);
			name = "External Libraries";
			sourceTree = "<group>";
		};
/* End PBXGroup section */

/* Begin PBXNativeTarget section */
		44814BD0195B2735006BA9FD /* Doctor Tool */ = {
			isa = PBXNativeTarget;
			buildConfigurationList = 44814C03195B2737006BA9FD /* Build configuration list for PBXNativeTarget "Doctor Tool" */;
			buildPhases = (
				44814BCD195B2735006BA9FD /* Sources */,
				44814BCE195B2735006BA9FD /* Frameworks */,
				44814BCF195B2735006BA9FD /* Resources */,
			);
			buildRules = (
			);
			dependencies = (
			);
			name = "Doctor Tool";
			productName = "Doctor Tool";
			productReference = 44814BD1195B2735006BA9FD /* Doctor Tool.app */;
			productType = "com.apple.product-type.application";
		};
		44814BF1195B2736006BA9FD /* Doctor ToolTests */ = {
			isa = PBXNativeTarget;
			buildConfigurationList = 44814C06195B2737006BA9FD /* Build configuration list for PBXNativeTarget "Doctor ToolTests" */;
			buildPhases = (
				44814BEE195B2736006BA9FD /* Sources */,
				44814BEF195B2736006BA9FD /* Frameworks */,
				44814BF0195B2736006BA9FD /* Resources */,
			);
			buildRules = (
			);
			dependencies = (
				44814BF8195B2736006BA9FD /* PBXTargetDependency */,
			);
			name = "Doctor ToolTests";
			productName = "Doctor ToolTests";
			productReference = 44814BF2195B2736006BA9FD /* Doctor ToolTests.xctest */;
			productType = "com.apple.product-type.bundle.unit-test";
		};
/* End PBXNativeTarget section */

/* Begin PBXProject section */
		44814BC9195B2735006BA9FD /* Project object */ = {
			isa = PBXProject;
			attributes = {
				LastUpgradeCheck = 0510;
				ORGANIZATIONNAME = Ponja;
				TargetAttributes = {
					44814BF1195B2736006BA9FD = {
						TestTargetID = 44814BD0195B2735006BA9FD;
					};
				};
			};
			buildConfigurationList = 44814BCC195B2735006BA9FD /* Build configuration list for PBXProject "Doctor Tool" */;
			compatibilityVersion = "Xcode 3.2";
			developmentRegion = English;
			hasScannedForEncodings = 0;
			knownRegions = (
				en,
				Base,
				es,
			);
			mainGroup = 44814BC8195B2735006BA9FD;
			productRefGroup = 44814BD2195B2735006BA9FD /* Products */;
			projectDirPath = "";
			projectRoot = "";
			targets = (
				44814BD0195B2735006BA9FD /* Doctor Tool */,
				44814BF1195B2736006BA9FD /* Doctor ToolTests */,
			);
		};
/* End PBXProject section */

/* Begin PBXResourcesBuildPhase section */
		44814BCF195B2735006BA9FD /* Resources */ = {
			isa = PBXResourcesBuildPhase;
			buildActionMask = 2147483647;
			files = (
				44814C40195B4FAC006BA9FD /* SignUpVC.xib in Resources */,
				44814C45195B65FE006BA9FD /* Localizable.strings in Resources */,
				44814BED195B2736006BA9FD /* Images.xcassets in Resources */,
				44814BDF195B2735006BA9FD /* InfoPlist.strings in Resources */,
			);
			runOnlyForDeploymentPostprocessing = 0;
		};
		44814BF0195B2736006BA9FD /* Resources */ = {
			isa = PBXResourcesBuildPhase;
			buildActionMask = 2147483647;
			files = (
				44814BFE195B2737006BA9FD /* InfoPlist.strings in Resources */,
			);
			runOnlyForDeploymentPostprocessing = 0;
		};
/* End PBXResourcesBuildPhase section */

/* Begin PBXSourcesBuildPhase section */
		44814BCD195B2735006BA9FD /* Sources */ = {
			isa = PBXSourcesBuildPhase;
			buildActionMask = 2147483647;
			files = (
				44814C18195B2C74006BA9FD /* User.m in Sources */,
				44814C1B195B2C98006BA9FD /* Consultation.m in Sources */,
				44814C3B195B4D73006BA9FD /* NSString+MD5.m in Sources */,
				44814C22195B466E006BA9FD /* UserModel.m in Sources */,
				44814C1E195B2CAC006BA9FD /* Medicament.m in Sources */,
				44814C4B195B66C0006BA9FD /* Constants.m in Sources */,
				44814BEB195B2736006BA9FD /* ViewController.m in Sources */,
				44814C3F195B4FAC006BA9FD /* SignUpVC.m in Sources */,
				44814C4E195B6A95006BA9FD /* UIImage+Resize.m in Sources */,
				44814BE5195B2735006BA9FD /* AppDelegate.m in Sources */,
				44814BE1195B2735006BA9FD /* main.m in Sources */,
			);
			runOnlyForDeploymentPostprocessing = 0;
		};
		44814BEE195B2736006BA9FD /* Sources */ = {
			isa = PBXSourcesBuildPhase;
			buildActionMask = 2147483647;
			files = (
				44814C00195B2737006BA9FD /* Doctor_ToolTests.m in Sources */,
			);
			runOnlyForDeploymentPostprocessing = 0;
		};
/* End PBXSourcesBuildPhase section */

/* Begin PBXTargetDependency section */
		44814BF8195B2736006BA9FD /* PBXTargetDependency */ = {
			isa = PBXTargetDependency;
			target = 44814BD0195B2735006BA9FD /* Doctor Tool */;
			targetProxy = 44814BF7195B2736006BA9FD /* PBXContainerItemProxy */;
		};
/* End PBXTargetDependency section */

/* Begin PBXVariantGroup section */
		44814BDD195B2735006BA9FD /* InfoPlist.strings */ = {
			isa = PBXVariantGroup;
			children = (
				44814BDE195B2735006BA9FD /* en */,
				44814C43195B65F7006BA9FD /* es */,
			);
			name = InfoPlist.strings;
			sourceTree = "<group>";
		};
		44814BFC195B2737006BA9FD /* InfoPlist.strings */ = {
			isa = PBXVariantGroup;
			children = (
				44814BFD195B2737006BA9FD /* en */,
				44814C44195B65F7006BA9FD /* es */,
			);
			name = InfoPlist.strings;
			sourceTree = "<group>";
		};
		44814C47195B65FE006BA9FD /* Localizable.strings */ = {
			isa = PBXVariantGroup;
			children = (
				44814C46195B65FE006BA9FD /* es */,
				44814C48195B660A006BA9FD /* en */,
			);
			name = Localizable.strings;
			sourceTree = "<group>";
		};
/* End PBXVariantGroup section */

/* Begin XCBuildConfiguration section */
		44814C01195B2737006BA9FD /* Debug */ = {
			isa = XCBuildConfiguration;
			buildSettings = {
				ALWAYS_SEARCH_USER_PATHS = NO;
				CLANG_CXX_LANGUAGE_STANDARD = "gnu++0x";
				CLANG_CXX_LIBRARY = "libc++";
				CLANG_ENABLE_MODULES = YES;
				CLANG_ENABLE_OBJC_ARC = YES;
				CLANG_WARN_BOOL_CONVERSION = YES;
				CLANG_WARN_CONSTANT_CONVERSION = YES;
				CLANG_WARN_DIRECT_OBJC_ISA_USAGE = YES_ERROR;
				CLANG_WARN_EMPTY_BODY = YES;
				CLANG_WARN_ENUM_CONVERSION = YES;
				CLANG_WARN_INT_CONVERSION = YES;
				CLANG_WARN_OBJC_ROOT_CLASS = YES_ERROR;
				CLANG_WARN__DUPLICATE_METHOD_MATCH = YES;
				"CODE_SIGN_IDENTITY[sdk=iphoneos*]" = "iPhone Developer";
				COPY_PHASE_STRIP = NO;
				GCC_C_LANGUAGE_STANDARD = gnu99;
				GCC_DYNAMIC_NO_PIC = NO;
				GCC_OPTIMIZATION_LEVEL = 0;
				GCC_PREPROCESSOR_DEFINITIONS = (
					"DEBUG=1",
					"$(inherited)",
				);
				GCC_SYMBOLS_PRIVATE_EXTERN = NO;
				GCC_WARN_64_TO_32_BIT_CONVERSION = YES;
				GCC_WARN_ABOUT_RETURN_TYPE = YES_ERROR;
				GCC_WARN_UNDECLARED_SELECTOR = YES;
				GCC_WARN_UNINITIALIZED_AUTOS = YES_AGGRESSIVE;
				GCC_WARN_UNUSED_FUNCTION = YES;
				GCC_WARN_UNUSED_VARIABLE = YES;
				IPHONEOS_DEPLOYMENT_TARGET = 7.1;
				ONLY_ACTIVE_ARCH = YES;
				SDKROOT = iphoneos;
				TARGETED_DEVICE_FAMILY = 2;
			};
			name = Debug;
		};
		44814C02195B2737006BA9FD /* Release */ = {
			isa = XCBuildConfiguration;
			buildSettings = {
				ALWAYS_SEARCH_USER_PATHS = NO;
				CLANG_CXX_LANGUAGE_STANDARD = "gnu++0x";
				CLANG_CXX_LIBRARY = "libc++";
				CLANG_ENABLE_MODULES = YES;
				CLANG_ENABLE_OBJC_ARC = YES;
				CLANG_WARN_BOOL_CONVERSION = YES;
				CLANG_WARN_CONSTANT_CONVERSION = YES;
				CLANG_WARN_DIRECT_OBJC_ISA_USAGE = YES_ERROR;
				CLANG_WARN_EMPTY_BODY = YES;
				CLANG_WARN_ENUM_CONVERSION = YES;
				CLANG_WARN_INT_CONVERSION = YES;
				CLANG_WARN_OBJC_ROOT_CLASS = YES_ERROR;
				CLANG_WARN__DUPLICATE_METHOD_MATCH = YES;
				"CODE_SIGN_IDENTITY[sdk=iphoneos*]" = "iPhone Developer";
				COPY_PHASE_STRIP = YES;
				ENABLE_NS_ASSERTIONS = NO;
				GCC_C_LANGUAGE_STANDARD = gnu99;
				GCC_WARN_64_TO_32_BIT_CONVERSION = YES;
				GCC_WARN_ABOUT_RETURN_TYPE = YES_ERROR;
				GCC_WARN_UNDECLARED_SELECTOR = YES;
				GCC_WARN_UNINITIALIZED_AUTOS = YES_AGGRESSIVE;
				GCC_WARN_UNUSED_FUNCTION = YES;
				GCC_WARN_UNUSED_VARIABLE = YES;
				IPHONEOS_DEPLOYMENT_TARGET = 7.1;
				SDKROOT = iphoneos;
				TARGETED_DEVICE_FAMILY = 2;
				VALIDATE_PRODUCT = YES;
			};
			name = Release;
		};
		44814C04195B2737006BA9FD /* Debug */ = {
			isa = XCBuildConfiguration;
			buildSettings = {
				ASSETCATALOG_COMPILER_APPICON_NAME = AppIcon;
				ASSETCATALOG_COMPILER_LAUNCHIMAGE_NAME = LaunchImage;
				FRAMEWORK_SEARCH_PATHS = (
					"$(inherited)",
					"$(PROJECT_DIR)",
				);
				GCC_PRECOMPILE_PREFIX_HEADER = YES;
				GCC_PREFIX_HEADER = "Doctor Tool/Doctor Tool-Prefix.pch";
				INFOPLIST_FILE = "Doctor Tool/Doctor Tool-Info.plist";
				PRODUCT_NAME = "$(TARGET_NAME)";
				WRAPPER_EXTENSION = app;
			};
			name = Debug;
		};
		44814C05195B2737006BA9FD /* Release */ = {
			isa = XCBuildConfiguration;
			buildSettings = {
				ASSETCATALOG_COMPILER_APPICON_NAME = AppIcon;
				ASSETCATALOG_COMPILER_LAUNCHIMAGE_NAME = LaunchImage;
				FRAMEWORK_SEARCH_PATHS = (
					"$(inherited)",
					"$(PROJECT_DIR)",
				);
				GCC_PRECOMPILE_PREFIX_HEADER = YES;
				GCC_PREFIX_HEADER = "Doctor Tool/Doctor Tool-Prefix.pch";
				INFOPLIST_FILE = "Doctor Tool/Doctor Tool-Info.plist";
				PRODUCT_NAME = "$(TARGET_NAME)";
				WRAPPER_EXTENSION = app;
			};
			name = Release;
		};
		44814C07195B2737006BA9FD /* Debug */ = {
			isa = XCBuildConfiguration;
			buildSettings = {
				BUNDLE_LOADER = "$(BUILT_PRODUCTS_DIR)/Doctor Tool.app/Doctor Tool";
				FRAMEWORK_SEARCH_PATHS = (
					"$(SDKROOT)/Developer/Library/Frameworks",
					"$(inherited)",
					"$(DEVELOPER_FRAMEWORKS_DIR)",
				);
				GCC_PRECOMPILE_PREFIX_HEADER = YES;
				GCC_PREFIX_HEADER = "Doctor Tool/Doctor Tool-Prefix.pch";
				GCC_PREPROCESSOR_DEFINITIONS = (
					"DEBUG=1",
					"$(inherited)",
				);
				INFOPLIST_FILE = "Doctor ToolTests/Doctor ToolTests-Info.plist";
				PRODUCT_NAME = "$(TARGET_NAME)";
				TEST_HOST = "$(BUNDLE_LOADER)";
				WRAPPER_EXTENSION = xctest;
			};
			name = Debug;
		};
		44814C08195B2737006BA9FD /* Release */ = {
			isa = XCBuildConfiguration;
			buildSettings = {
				BUNDLE_LOADER = "$(BUILT_PRODUCTS_DIR)/Doctor Tool.app/Doctor Tool";
				FRAMEWORK_SEARCH_PATHS = (
					"$(SDKROOT)/Developer/Library/Frameworks",
					"$(inherited)",
					"$(DEVELOPER_FRAMEWORKS_DIR)",
				);
				GCC_PRECOMPILE_PREFIX_HEADER = YES;
				GCC_PREFIX_HEADER = "Doctor Tool/Doctor Tool-Prefix.pch";
				INFOPLIST_FILE = "Doctor ToolTests/Doctor ToolTests-Info.plist";
				PRODUCT_NAME = "$(TARGET_NAME)";
				TEST_HOST = "$(BUNDLE_LOADER)";
				WRAPPER_EXTENSION = xctest;
			};
			name = Release;
		};
/* End XCBuildConfiguration section */

/* Begin XCConfigurationList section */
		44814BCC195B2735006BA9FD /* Build configuration list for PBXProject "Doctor Tool" */ = {
			isa = XCConfigurationList;
			buildConfigurations = (
				44814C01195B2737006BA9FD /* Debug */,
				44814C02195B2737006BA9FD /* Release */,
			);
			defaultConfigurationIsVisible = 0;
			defaultConfigurationName = Release;
		};
		44814C03195B2737006BA9FD /* Build configuration list for PBXNativeTarget "Doctor Tool" */ = {
			isa = XCConfigurationList;
			buildConfigurations = (
				44814C04195B2737006BA9FD /* Debug */,
				44814C05195B2737006BA9FD /* Release */,
			);
			defaultConfigurationIsVisible = 0;
		};
		44814C06195B2737006BA9FD /* Build configuration list for PBXNativeTarget "Doctor ToolTests" */ = {
			isa = XCConfigurationList;
			buildConfigurations = (
				44814C07195B2737006BA9FD /* Debug */,
				44814C08195B2737006BA9FD /* Release */,
			);
			defaultConfigurationIsVisible = 0;
		};
/* End XCConfigurationList section */
	};
	rootObject = 44814BC9195B2735006BA9FD /* Project object */;
}
